
Microsoft Visual Studio Solution File, Format Version 12.00
# Visual Studio Version 16
VisualStudioVersion = 16.0.29411.138
MinimumVisualStudioVersion = 10.0.40219.1
Project("{FAE04EC0-301F-11D3-BF4B-00C04F79EFBC}") = "RealSenseExample", "RealSenseExample.csproj", "{9885337F-6FD2-4DC0-9BA6-CD0F4B80323E}"
EndProject
Global
	GlobalSection(SolutionConfigurationPlatforms) = preSolution
		Debug|Any CPU = Debug|Any CPU
		Release|Any CPU = Release|Any CPU
	EndGlobalSection
	GlobalSection(ProjectConfigurationPlatforms) = postSolution
		{9885337F-6FD2-4DC0-9BA6-CD0F4B80323E}.Debug|Any CPU.ActiveCfg = Debug|Any CPU
		{9885337F-6FD2-4DC0-9BA6-CD0F4B80323E}.Debug|Any CPU.Build.0 = Debug|Any CPU
		{9885337F-6FD2-4DC0-9BA6-CD0F4B80323E}.Release|Any CPU.ActiveCfg = Release|Any CPU
		{9885337F-6FD2-4DC0-9BA6-CD0F4B80323E}.Release|Any CPU.Build.0 = Release|Any CPU
	EndGlobalSection
	GlobalSection(SolutionProperties) = preSolution
		HideSolutionNode = FALSE
	EndGlobalSection
	GlobalSection(ExtensibilityGlobals) = postSolution
		SolutionGuid = {EF51E814-80FF-43C2-9C9D-F3F510E4186A}
	EndGlobalSection
EndGlobal
